<?xml version="1.0" encoding="utf-8"?>
<Project ToolsVersion="4.0" xmlns="http://schemas.microsoft.com/developer/msbuild/2003">
  <ItemGroup>
    <Filter Include="Source Files">
      <UniqueIdentifier>{4FC737F1-C7A5-4376-A066-2A32D752A2FF}</UniqueIdentifier>
      <Extensions>cpp;c;cc;cxx;def;odl;idl;hpj;bat;asm;asmx</Extensions>
    </Filter>
    <Filter Include="Header Files">
      <UniqueIdentifier>{93995380-89BD-4b04-88EB-625FBE52EBFB}</UniqueIdentifier>
      <Extensions>h;hh;hpp;hxx;hm;inl;inc;xsd</Extensions>
    </Filter>
    <Filter Include="Resource Files">
      <UniqueIdentifier>{67DA6AB6-F800-4c08-8B7A-83BB121AAD01}</UniqueIdentifier>
      <Extensions>rc;ico;cur;bmp;dlg;rc2;rct;bin;rgs;gif;jpg;jpeg;jpe;resx;tiff;tif;png;wav;mfcribbon-ms</Extensions>
    </Filter>
    <Filter Include="Source Files\Engine">
      <UniqueIdentifier>{09ccc546-853d-49d4-aee3-d9aea9c78074}</UniqueIdentifier>
    </Filter>
    <Filter Include="Source Files\Game">
      <UniqueIdentifier>{0d2219ed-c230-4e12-ba21-e3608520c263}</UniqueIdentifier>
    </Filter>
    <Filter Include="Header Files\Engine">
      <UniqueIdentifier>{bfd76802-1051-4994-9bd6-90dc6744b72e}</UniqueIdentifier>
    </Filter>
    <Filter Include="Header Files\Game">
      <UniqueIdentifier>{910cf358-8d49-406d-8a3e-545193d7fbb0}</UniqueIdentifier>
    </Filter>
    <Filter Include="Source Files\Engine\Component">
      <UniqueIdentifier>{adb351c5-7e0c-4110-ae94-8ad1295dfe1b}</UniqueIdentifier>
    </Filter>
    <Filter Include="Header Files\Engine\Component">
      <UniqueIdentifier>{27149ecf-b310-4e5e-8cae-3f20e15c535d}</UniqueIdentifier>
    </Filter>
    <Filter Include="Source Files\Engine\Pass">
      <UniqueIdentifier>{8bbb1d55-c262-4c15-8aea-2fe995128915}</UniqueIdentifier>
    </Filter>
    <Filter Include="Header Files\Engine\Pass">
      <UniqueIdentifier>{977409aa-353b-4129-9a85-616231faa047}</UniqueIdentifier>
    </Filter>
    <Filter Include="Source Files\Engine\Resource">
      <UniqueIdentifier>{7611b841-95fd-4523-8c32-28cea0636423}</UniqueIdentifier>
    </Filter>
    <Filter Include="Header Files\Engine\Resource">
      <UniqueIdentifier>{60771bac-1c9a-4381-80cd-e3045b537ca3}</UniqueIdentifier>
    </Filter>
  </ItemGroup>
  <ItemGroup>
    <ClCompile Include="main.cpp">
      <Filter>Source Files</Filter>
    </ClCompile>
    <ClCompile Include="GameEngine.cpp">
      <Filter>Source Files\Engine</Filter>
    </ClCompile>
    <ClCompile Include="Entity.cpp">
      <Filter>Source Files\Engine</Filter>
    </ClCompile>
    <ClCompile Include="Transformation.cpp">
      <Filter>Source Files\Engine\Component</Filter>
    </ClCompile>
    <ClCompile Include="Rotating.cpp">
      <Filter>Source Files\Game</Filter>
    </ClCompile>
    <ClCompile Include="Camera.cpp">
      <Filter>Source Files\Engine\Component</Filter>
    </ClCompile>
    <ClCompile Include="Operation.cpp">
      <Filter>Source Files\Engine</Filter>
    </ClCompile>
    <ClCompile Include="SpotLight.cpp">
      <Filter>Source Files\Engine\Component</Filter>
    </ClCompile>
    <ClCompile Include="Shader.cpp">
      <Filter>Source Files\Engine</Filter>
    </ClCompile>
    <ClCompile Include="Component.cpp">
      <Filter>Source Files\Engine\Component</Filter>
    </ClCompile>
    <ClCompile Include="Pass.cpp">
      <Filter>Source Files\Engine\Pass</Filter>
    </ClCompile>
    <ClCompile Include="DepthPass.cpp">
      <Filter>Source Files\Engine\Pass</Filter>
    </ClCompile>
    <ClCompile Include="RenderPass.cpp">
      <Filter>Source Files\Engine\Pass</Filter>
    </ClCompile>
    <ClCompile Include="Texture.cpp">
      <Filter>Source Files\Engine\Resource</Filter>
    </ClCompile>
    <ClCompile Include="Model.cpp">
      <Filter>Source Files\Engine\Component</Filter>
    </ClCompile>
    <ClCompile Include="ModelResource.cpp">
      <Filter>Source Files\Engine\Resource</Filter>
    </ClCompile>
  </ItemGroup>
  <ItemGroup>
    <None Include="packages.config" />
  </ItemGroup>
  <ItemGroup>
    <ClInclude Include="Entity.h">
      <Filter>Header Files\Engine</Filter>
    </ClInclude>
    <ClInclude Include="GameEngine.h">
      <Filter>Header Files\Engine</Filter>
    </ClInclude>
    <ClInclude Include="Transformation.h">
      <Filter>Header Files\Engine\Component</Filter>
    </ClInclude>
    <ClInclude Include="Rotating.h">
      <Filter>Header Files\Game</Filter>
    </ClInclude>
    <ClInclude Include="Camera.h">
      <Filter>Header Files\Engine\Component</Filter>
    </ClInclude>
    <ClInclude Include="Operation.h">
      <Filter>Header Files\Engine</Filter>
    </ClInclude>
    <ClInclude Include="SpotLight.h">
      <Filter>Header Files\Engine\Component</Filter>
    </ClInclude>
    <ClInclude Include="Shader.h">
      <Filter>Header Files\Engine</Filter>
    </ClInclude>
    <ClInclude Include="Component.h">
      <Filter>Header Files\Engine\Component</Filter>
    </ClInclude>
    <ClInclude Include="DepthPass.h">
      <Filter>Header Files\Engine\Pass</Filter>
    </ClInclude>
    <ClInclude Include="Pass.h">
      <Filter>Header Files\Engine\Pass</Filter>
    </ClInclude>
    <ClInclude Include="RenderPass.h">
      <Filter>Header Files\Engine\Pass</Filter>
    </ClInclude>
    <ClInclude Include="Texture.h">
      <Filter>Header Files\Engine\Resource</Filter>
    </ClInclude>
    <ClInclude Include="Model.h">
      <Filter>Header Files\Engine\Component</Filter>
    </ClInclude>
    <ClInclude Include="ModelResource.h">
      <Filter>Header Files\Engine\Resource</Filter>
    </ClInclude>
  </ItemGroup>
</Project>