<?xml version="1.0" encoding="utf-8"?>
<Project ToolsVersion="4.0" xmlns="http://schemas.microsoft.com/developer/msbuild/2003">
  <ItemGroup>
    <Filter Include="Source Files">
      <UniqueIdentifier>{4FC737F1-C7A5-4376-A066-2A32D752A2FF}</UniqueIdentifier>
      <Extensions>cpp;c;cc;cxx;def;odl;idl;hpj;bat;asm;asmx</Extensions>
    </Filter>
    <Filter Include="Header Files">
      <UniqueIdentifier>{93995380-89BD-4b04-88EB-625FBE52EBFB}</UniqueIdentifier>
      <Extensions>h;hh;hpp;hxx;hm;inl;inc;xsd</Extensions>
    </Filter>
    <Filter Include="Resource Files">
      <UniqueIdentifier>{67DA6AB6-F800-4c08-8B7A-83BB121AAD01}</UniqueIdentifier>
      <Extensions>rc;ico;cur;bmp;dlg;rc2;rct;bin;rgs;gif;jpg;jpeg;jpe;resx;tiff;tif;png;wav;mfcribbon-ms</Extensions>
    </Filter>
    <Filter Include="Source Files\Engine">
      <UniqueIdentifier>{09ccc546-853d-49d4-aee3-d9aea9c78074}</UniqueIdentifier>
    </Filter>
    <Filter Include="Source Files\Game">
      <UniqueIdentifier>{0d2219ed-c230-4e12-ba21-e3608520c263}</UniqueIdentifier>
    </Filter>
    <Filter Include="Header Files\Engine">
      <UniqueIdentifier>{bfd76802-1051-4994-9bd6-90dc6744b72e}</UniqueIdentifier>
    </Filter>
    <Filter Include="Header Files\Game">
      <UniqueIdentifier>{910cf358-8d49-406d-8a3e-545193d7fbb0}</UniqueIdentifier>
    </Filter>
    <Filter Include="Source Files\Engine\Component">
      <UniqueIdentifier>{adb351c5-7e0c-4110-ae94-8ad1295dfe1b}</UniqueIdentifier>
    </Filter>
    <Filter Include="Header Files\Engine\Component">
      <UniqueIdentifier>{27149ecf-b310-4e5e-8cae-3f20e15c535d}</UniqueIdentifier>
    </Filter>
    <Filter Include="Source Files\Engine\Pass">
      <UniqueIdentifier>{8bbb1d55-c262-4c15-8aea-2fe995128915}</UniqueIdentifier>
    </Filter>
    <Filter Include="Header Files\Engine\Pass">
      <UniqueIdentifier>{977409aa-353b-4129-9a85-616231faa047}</UniqueIdentifier>
    </Filter>
    <Filter Include="Source Files\Engine\Resource">
      <UniqueIdentifier>{7611b841-95fd-4523-8c32-28cea0636423}</UniqueIdentifier>
    </Filter>
    <Filter Include="Header Files\Engine\Resource">
      <UniqueIdentifier>{60771bac-1c9a-4381-80cd-e3045b537ca3}</UniqueIdentifier>
    </Filter>
    <Filter Include="Header Files\Engine\Component\Shape">
      <UniqueIdentifier>{aec1afca-9c9e-4c73-bf2e-2cca470b73d3}</UniqueIdentifier>
    </Filter>
    <Filter Include="Source Files\Engine\Component\Shape">
      <UniqueIdentifier>{c531926f-c584-4df0-8fde-640f13919e90}</UniqueIdentifier>
    </Filter>
    <Filter Include="Source Files\Engine\Component\Light">
      <UniqueIdentifier>{dd3a069a-85f6-4ee6-9903-cec83d7a26f1}</UniqueIdentifier>
    </Filter>
    <Filter Include="Header Files\Engine\Component\Light">
      <UniqueIdentifier>{96aa4f1f-173d-47d1-87f8-9108e4a216ee}</UniqueIdentifier>
    </Filter>
  </ItemGroup>
  <ItemGroup>
    <ClCompile Include="main.cpp">
      <Filter>Source Files</Filter>
    </ClCompile>
    <ClCompile Include="GameEngine.cpp">
      <Filter>Source Files\Engine</Filter>
    </ClCompile>
    <ClCompile Include="Entity.cpp">
      <Filter>Source Files\Engine</Filter>
    </ClCompile>
    <ClCompile Include="Transformation.cpp">
      <Filter>Source Files\Engine\Component</Filter>
    </ClCompile>
    <ClCompile Include="Rotating.cpp">
      <Filter>Source Files\Game</Filter>
    </ClCompile>
    <ClCompile Include="Camera.cpp">
      <Filter>Source Files\Engine\Component</Filter>
    </ClCompile>
    <ClCompile Include="Operation.cpp">
      <Filter>Source Files\Engine</Filter>
    </ClCompile>
    <ClCompile Include="Shader.cpp">
      <Filter>Source Files\Engine</Filter>
    </ClCompile>
    <ClCompile Include="Component.cpp">
      <Filter>Source Files\Engine\Component</Filter>
    </ClCompile>
    <ClCompile Include="Pass.cpp">
      <Filter>Source Files\Engine\Pass</Filter>
    </ClCompile>
    <ClCompile Include="DepthPass.cpp">
      <Filter>Source Files\Engine\Pass</Filter>
    </ClCompile>
    <ClCompile Include="RenderPass.cpp">
      <Filter>Source Files\Engine\Pass</Filter>
    </ClCompile>
    <ClCompile Include="Model.cpp">
      <Filter>Source Files\Engine\Component</Filter>
    </ClCompile>
    <ClCompile Include="ModelResource.cpp">
      <Filter>Source Files\Engine\Resource</Filter>
    </ClCompile>
    <ClCompile Include="BaseResource.cpp">
      <Filter>Source Files\Engine\Resource</Filter>
    </ClCompile>
    <ClCompile Include="TextureResource.cpp">
      <Filter>Source Files\Engine\Resource</Filter>
    </ClCompile>
    <ClCompile Include="RigidBody.cpp">
      <Filter>Source Files\Engine\Component</Filter>
    </ClCompile>
    <ClCompile Include="BaseShape.cpp">
      <Filter>Source Files\Engine\Component\Shape</Filter>
    </ClCompile>
    <ClCompile Include="ConvexShape.cpp">
      <Filter>Source Files\Engine\Component\Shape</Filter>
    </ClCompile>
    <ClCompile Include="CapsuleShape.cpp">
      <Filter>Source Files\Engine\Component\Shape</Filter>
    </ClCompile>
    <ClCompile Include="HeightFieldShape.cpp">
      <Filter>Source Files\Engine\Component\Shape</Filter>
    </ClCompile>
    <ClCompile Include="CameraMovement.cpp">
      <Filter>Source Files\Game</Filter>
    </ClCompile>
    <ClCompile Include="PalmInteraction.cpp">
      <Filter>Source Files\Game</Filter>
    </ClCompile>
    <ClCompile Include="HelicopterBehaviour.cpp">
      <Filter>Source Files\Game</Filter>
    </ClCompile>
    <ClCompile Include="HeightMapResource.cpp">
      <Filter>Source Files\Engine\Resource</Filter>
    </ClCompile>
    <ClCompile Include="RenderableResource.cpp">
      <Filter>Source Files\Engine\Resource</Filter>
    </ClCompile>
    <ClCompile Include="BaseLight.cpp">
      <Filter>Source Files\Engine\Component\Light</Filter>
    </ClCompile>
    <ClCompile Include="SpotLight.cpp">
      <Filter>Source Files\Engine\Component\Light</Filter>
    </ClCompile>
    <ClCompile Include="DirectionalLight.cpp">
      <Filter>Source Files\Engine\Component\Light</Filter>
    </ClCompile>
    <ClCompile Include="SpriteResource.cpp">
      <Filter>Source Files\Engine\Resource</Filter>
    </ClCompile>
  </ItemGroup>
  <ItemGroup>
    <None Include="packages.config" />
  </ItemGroup>
  <ItemGroup>
    <ClInclude Include="Entity.h">
      <Filter>Header Files\Engine</Filter>
    </ClInclude>
    <ClInclude Include="GameEngine.h">
      <Filter>Header Files\Engine</Filter>
    </ClInclude>
    <ClInclude Include="Transformation.h">
      <Filter>Header Files\Engine\Component</Filter>
    </ClInclude>
    <ClInclude Include="Rotating.h">
      <Filter>Header Files\Game</Filter>
    </ClInclude>
    <ClInclude Include="Camera.h">
      <Filter>Header Files\Engine\Component</Filter>
    </ClInclude>
    <ClInclude Include="Operation.h">
      <Filter>Header Files\Engine</Filter>
    </ClInclude>
    <ClInclude Include="Shader.h">
      <Filter>Header Files\Engine</Filter>
    </ClInclude>
    <ClInclude Include="Component.h">
      <Filter>Header Files\Engine\Component</Filter>
    </ClInclude>
    <ClInclude Include="DepthPass.h">
      <Filter>Header Files\Engine\Pass</Filter>
    </ClInclude>
    <ClInclude Include="Pass.h">
      <Filter>Header Files\Engine\Pass</Filter>
    </ClInclude>
    <ClInclude Include="RenderPass.h">
      <Filter>Header Files\Engine\Pass</Filter>
    </ClInclude>
    <ClInclude Include="Model.h">
      <Filter>Header Files\Engine\Component</Filter>
    </ClInclude>
    <ClInclude Include="ModelResource.h">
      <Filter>Header Files\Engine\Resource</Filter>
    </ClInclude>
    <ClInclude Include="TextureResource.h">
      <Filter>Header Files\Engine\Resource</Filter>
    </ClInclude>
    <ClInclude Include="BaseResource.h">
      <Filter>Header Files\Engine\Resource</Filter>
    </ClInclude>
    <ClInclude Include="RigidBody.h">
      <Filter>Header Files\Engine\Component</Filter>
    </ClInclude>
    <ClInclude Include="BaseShape.h">
      <Filter>Header Files\Engine\Component\Shape</Filter>
    </ClInclude>
    <ClInclude Include="CapsuleShape.h">
      <Filter>Header Files\Engine\Component\Shape</Filter>
    </ClInclude>
    <ClInclude Include="ConvexShape.h">
      <Filter>Header Files\Engine\Component\Shape</Filter>
    </ClInclude>
    <ClInclude Include="HeightFieldShape.h">
      <Filter>Header Files\Engine\Component\Shape</Filter>
    </ClInclude>
    <ClInclude Include="CameraMovement.h">
      <Filter>Header Files\Game</Filter>
    </ClInclude>
    <ClInclude Include="PalmInteraction.h">
      <Filter>Header Files\Game</Filter>
    </ClInclude>
    <ClInclude Include="HelicopterBehaviour.h">
      <Filter>Header Files\Game</Filter>
    </ClInclude>
    <ClInclude Include="HeightMapResource.h">
      <Filter>Header Files\Engine\Resource</Filter>
    </ClInclude>
    <ClInclude Include="RenderableResource.h">
      <Filter>Header Files\Engine\Resource</Filter>
    </ClInclude>
    <ClInclude Include="BaseLight.h">
      <Filter>Header Files\Engine\Component\Light</Filter>
    </ClInclude>
    <ClInclude Include="SpotLight.h">
      <Filter>Header Files\Engine\Component\Light</Filter>
    </ClInclude>
    <ClInclude Include="DirectionalLight.h">
      <Filter>Header Files\Engine\Component\Light</Filter>
    </ClInclude>
    <ClInclude Include="SpriteResource.h">
      <Filter>Header Files\Engine\Resource</Filter>
    </ClInclude>
    <ClInclude Include="TextureRenderable.h">
      <Filter>Header Files\Engine</Filter>
    </ClInclude>
    <ClInclude Include="Frustum.h">
      <Filter>Header Files\Engine</Filter>
    </ClInclude>
  </ItemGroup>
</Project>